{
  "version": 4,
  "terraform_version": "1.7.4",
  "serial": 6,
  "lineage": "3f5a3337-3d0f-6a58-7770-c0f54439aab4",
  "outputs": {},
  "resources": [
    {
      "mode": "managed",
      "type": "local_file",
      "name": "pet_name",
      "provider": "provider[\"registry.terraform.io/hashicorp/local\"]",
      "instances": [
        {
          "schema_version": 0,
          "attributes": {
            "content": "My favourite pet is Mrs.mustang",
            "content_base64": null,
            "content_base64sha256": "hJDWOYPY3MYNoPYxNZ65zBQ2KrPsN/8U2sJ5FpicKTE=",
            "content_base64sha512": "jI0EBblq8swkfA244G895wGKYjU9F98rpE6YRFdcLC8tDHPlxOBoeRuzvaT/6hh/Wh9nE6Bi0FGFJTxwwpS1tQ==",
            "content_md5": "120102ce7270233f8b59b0c5c88914d8",
            "content_sha1": "f2083b0ea0190ae8d39d08212c2f5deb5dd6e7f0",
            "content_sha256": "8490d63983d8dcc60da0f631359eb9cc14362ab3ec37ff14dac27916989c2931",
            "content_sha512": "8c8d0405b96af2cc247c0db8e06f3de7018a62353d17df2ba44e9844575c2c2f2d0c73e5c4e068791bb3bda4ffea187f5a1f6713a062d05185253c70c294b5b5",
            "directory_permission": "0777",
            "file_permission": "0777",
            "filename": "/Users/kanishqk77/Desktop/DevOps/Terraform/dev/pets.txt",
            "id": "f2083b0ea0190ae8d39d08212c2f5deb5dd6e7f0",
            "sensitive_content": null,
            "source": null
          },
          "sensitive_attributes": [],
          "dependencies": [
            "random_pet.my-pet"
          ]
        }
      ]
    },
    {
      "mode": "managed",
      "type": "random_pet",
      "name": "my-pet",
      "provider": "provider[\"registry.terraform.io/hashicorp/random\"]",
      "instances": [
        {
          "schema_version": 0,
          "attributes": {
            "id": "Mrs.mustang",
            "keepers": null,
            "length": 1,
            "prefix": "Mrs",
            "separator": "."
          },
          "sensitive_attributes": []
        }
      ]
    }
  ],
  "check_results": null
}
